
Microsoft Visual Studio Solution File, Format Version 12.00
# Visual Studio Version 16
VisualStudioVersion = 16.0.32802.440
MinimumVisualStudioVersion = 10.0.40219.1
Project("{8BC9CEB8-8B4A-11D0-8D11-00A0C91BC942}") = "zargon", "zargon.vcxproj", "{F9B83DCF-1881-498B-A19C-D0667675B02D}"
EndProject
Global
	GlobalSection(SolutionConfigurationPlatforms) = preSolution
		Debug|x64 = Debug|x64
		Debug|x86 = Debug|x86
		Release|x64 = Release|x64
		Release|x86 = Release|x86
	EndGlobalSection
	GlobalSection(ProjectConfigurationPlatforms) = postSolution
		{F9B83DCF-1881-498B-A19C-D0667675B02D}.Debug|x64.ActiveCfg = Debug|x64
		{F9B83DCF-1881-498B-A19C-D0667675B02D}.Debug|x64.Build.0 = Debug|x64
		{F9B83DCF-1881-498B-A19C-D0667675B02D}.Debug|x86.ActiveCfg = Debug|Win32
		{F9B83DCF-1881-498B-A19C-D0667675B02D}.Debug|x86.Build.0 = Debug|Win32
		{F9B83DCF-1881-498B-A19C-D0667675B02D}.Release|x64.ActiveCfg = Release|x64
		{F9B83DCF-1881-498B-A19C-D0667675B02D}.Release|x64.Build.0 = Release|x64
		{F9B83DCF-1881-498B-A19C-D0667675B02D}.Release|x86.ActiveCfg = Release|Win32
		{F9B83DCF-1881-498B-A19C-D0667675B02D}.Release|x86.Build.0 = Release|Win32
	EndGlobalSection
	GlobalSection(SolutionProperties) = preSolution
		HideSolutionNode = FALSE
	EndGlobalSection
	GlobalSection(ExtensibilityGlobals) = postSolution
		SolutionGuid = {DD5F58A4-09E2-4821-9526-91AA3AA22C2C}
	EndGlobalSection
EndGlobal
